PODS:
  - FastAppService (0.1.0):
    - FastExtension
  - FastExtension (0.1.0)
  - SnapKit (5.6.0)

DEPENDENCIES:
  - FastAppService (from `../`)
  - FastExtension (from `../../FastExtension`)
  - SnapKit (~> 5.6.0)

SPEC REPOS:
  https://github.com/CocoaPods/Specs.git:
    - SnapKit

EXTERNAL SOURCES:
  FastAppService:
    :path: "../"
  FastExtension:
    :path: "../../FastExtension"

SPEC CHECKSUMS:
  FastAppService: 28c3380383213690ae165781da763811f5eca7f5
  FastExtension: adf21c62d514be110c9a7cf911472d0dde8a536c
  SnapKit: e01d52ebb8ddbc333eefe2132acf85c8227d9c25

PODFILE CHECKSUM: cddc4e65c877e31e0522bef567f5575aa080b36f

COCOAPODS: 1.11.2
